{
  "name": "script-api",
  "version": "1.0.0",
  "lockfileVersion": 2,
  "requires": true,
  "packages": {
    "": {
      "name": "script-api",
      "version": "1.0.0",
      "license": "MIT",
      "dependencies": {
        "@minecraft/server": "1.2.0-beta.1.19.80-preview.23",
        "@minecraft/server-admin": "1.0.0-beta.1.19.80-preview.23",
        "@minecraft/server-gametest": "1.0.0-beta.1.19.80-preview.23",
        "@minecraft/server-net": "1.0.0-beta.1.19.80-preview.23",
        "@minecraft/server-ui": "1.0.0-beta.1.19.80-preview.23"
      },
      "devDependencies": {
        "@types/node": "^18.11.10",
        "@types/parsimmon": "1.10.6",
        "parsimmon": "1.18.1",
        "typescript": "^5.0.2"
      }
    },
    "node_modules/@minecraft/server": {
      "version": "1.2.0-beta.1.19.80-preview.23",
      "resolved": "https://registry.npmjs.org/@minecraft/server/-/server-1.2.0-beta.1.19.80-preview.23.tgz",
      "integrity": "sha512-u2gDow2n54m5FDrwDjCjL7m1BKTSjLJdnaRnAWTs8SgSVSr96APYJ+rFc+ljtLS8voub/idT99t9DzBoe/5JMA=="
    },
    "node_modules/@minecraft/server-admin": {
      "version": "1.0.0-beta.1.19.80-preview.23",
      "resolved": "https://registry.npmjs.org/@minecraft/server-admin/-/server-admin-1.0.0-beta.1.19.80-preview.23.tgz",
      "integrity": "sha512-SkBOqoQYuf31B17Rqixu8e07+jL2AUgkn7wfyZ6rF9EJ4041Goq3oJygGNhuRfk8ZvWNq+ctteT2Sg1dU01IrA=="
    },
    "node_modules/@minecraft/server-gametest": {
      "version": "1.0.0-beta.1.19.80-preview.23",
      "resolved": "https://registry.npmjs.org/@minecraft/server-gametest/-/server-gametest-1.0.0-beta.1.19.80-preview.23.tgz",
      "integrity": "sha512-Ic187+mEBLtINbwvWEGRGxfP2nPWCZBFRfZSYv6aY7ijjPBeFZIjScBmw+CBLr40o4YE4de9BfWjieOX/Tx/dg==",
      "dependencies": {
        "@minecraft/server": "1.2.0-beta.1.19.80-preview.23"
      }
    },
    "node_modules/@minecraft/server-net": {
      "version": "1.0.0-beta.1.19.80-preview.23",
      "resolved": "https://registry.npmjs.org/@minecraft/server-net/-/server-net-1.0.0-beta.1.19.80-preview.23.tgz",
      "integrity": "sha512-SfVyHf8/yxVwf+yOUwRBr3QLK3LFRi3v2e/vZ8KXhX8vt4LfL/URnzQ9JZYYdxbpAJ19P068Uvdt8wdvXNiOpg==",
      "dependencies": {
        "@minecraft/server-admin": "1.0.0-beta.1.19.80-preview.23"
      }
    },
    "node_modules/@minecraft/server-ui": {
      "version": "1.0.0-beta.1.19.80-preview.23",
      "resolved": "https://registry.npmjs.org/@minecraft/server-ui/-/server-ui-1.0.0-beta.1.19.80-preview.23.tgz",
      "integrity": "sha512-5bMNRCrwSrPF94vbsZcwlEtPzDILgEyByMLX9icUHTKDbOD/pktdOC+P7LGMBMC/XEQV/BREndmkYpYgii9bYw==",
      "dependencies": {
        "@minecraft/server": "1.2.0-beta.1.19.80-preview.23"
      }
    },
    "node_modules/@types/node": {
      "version": "18.11.10",
      "resolved": "https://registry.npmjs.org/@types/node/-/node-18.11.10.tgz",
      "integrity": "sha512-juG3RWMBOqcOuXC643OAdSA525V44cVgGV6dUDuiFtss+8Fk5x1hI93Rsld43VeJVIeqlP9I7Fn9/qaVqoEAuQ==",
      "dev": true
    },
    "node_modules/@types/parsimmon": {
      "version": "1.10.6",
      "resolved": "https://registry.npmjs.org/@types/parsimmon/-/parsimmon-1.10.6.tgz",
      "integrity": "sha512-FwAQwMRbkhx0J6YELkwIpciVzCcgEqXEbIrIn3a2P5d3kGEHQ3wVhlN3YdVepYP+bZzCYO6OjmD4o9TGOZ40rA==",
      "dev": true
    },
    "node_modules/parsimmon": {
      "version": "1.18.1",
      "resolved": "https://registry.npmjs.org/parsimmon/-/parsimmon-1.18.1.tgz",
      "integrity": "sha512-u7p959wLfGAhJpSDJVYXoyMCXWYwHia78HhRBWqk7AIbxdmlrfdp5wX0l3xv/iTSH5HvhN9K7o26hwwpgS5Nmw==",
      "dev": true
    },
    "node_modules/typescript": {
      "version": "5.0.2",
      "resolved": "https://registry.npmjs.org/typescript/-/typescript-5.0.2.tgz",
      "integrity": "sha512-wVORMBGO/FAs/++blGNeAVdbNKtIh1rbBL2EyQ1+J9lClJ93KiiKe8PmFIVdXhHcyv44SL9oglmfeSsndo0jRw==",
      "dev": true,
      "bin": {
        "tsc": "bin/tsc",
        "tsserver": "bin/tsserver"
      },
      "engines": {
        "node": ">=12.20"
      }
    }
  },
  "dependencies": {
    "@minecraft/server": {
      "version": "1.2.0-beta.1.19.80-preview.23",
      "resolved": "https://registry.npmjs.org/@minecraft/server/-/server-1.2.0-beta.1.19.80-preview.23.tgz",
      "integrity": "sha512-u2gDow2n54m5FDrwDjCjL7m1BKTSjLJdnaRnAWTs8SgSVSr96APYJ+rFc+ljtLS8voub/idT99t9DzBoe/5JMA=="
    },
    "@minecraft/server-admin": {
      "version": "1.0.0-beta.1.19.80-preview.23",
      "resolved": "https://registry.npmjs.org/@minecraft/server-admin/-/server-admin-1.0.0-beta.1.19.80-preview.23.tgz",
      "integrity": "sha512-SkBOqoQYuf31B17Rqixu8e07+jL2AUgkn7wfyZ6rF9EJ4041Goq3oJygGNhuRfk8ZvWNq+ctteT2Sg1dU01IrA=="
    },
    "@minecraft/server-gametest": {
      "version": "1.0.0-beta.1.19.80-preview.23",
      "resolved": "https://registry.npmjs.org/@minecraft/server-gametest/-/server-gametest-1.0.0-beta.1.19.80-preview.23.tgz",
      "integrity": "sha512-Ic187+mEBLtINbwvWEGRGxfP2nPWCZBFRfZSYv6aY7ijjPBeFZIjScBmw+CBLr40o4YE4de9BfWjieOX/Tx/dg==",
      "requires": {
        "@minecraft/server": "1.2.0-beta.1.19.80-preview.23"
      }
    },
    "@minecraft/server-net": {
      "version": "1.0.0-beta.1.19.80-preview.23",
      "resolved": "https://registry.npmjs.org/@minecraft/server-net/-/server-net-1.0.0-beta.1.19.80-preview.23.tgz",
      "integrity": "sha512-SfVyHf8/yxVwf+yOUwRBr3QLK3LFRi3v2e/vZ8KXhX8vt4LfL/URnzQ9JZYYdxbpAJ19P068Uvdt8wdvXNiOpg==",
      "requires": {
        "@minecraft/server-admin": "1.0.0-beta.1.19.80-preview.23"
      }
    },
    "@minecraft/server-ui": {
      "version": "1.0.0-beta.1.19.80-preview.23",
      "resolved": "https://registry.npmjs.org/@minecraft/server-ui/-/server-ui-1.0.0-beta.1.19.80-preview.23.tgz",
      "integrity": "sha512-5bMNRCrwSrPF94vbsZcwlEtPzDILgEyByMLX9icUHTKDbOD/pktdOC+P7LGMBMC/XEQV/BREndmkYpYgii9bYw==",
      "requires": {
        "@minecraft/server": "1.2.0-beta.1.19.80-preview.23"
      }
    },
    "@types/node": {
      "version": "18.11.10",
      "resolved": "https://registry.npmjs.org/@types/node/-/node-18.11.10.tgz",
      "integrity": "sha512-juG3RWMBOqcOuXC643OAdSA525V44cVgGV6dUDuiFtss+8Fk5x1hI93Rsld43VeJVIeqlP9I7Fn9/qaVqoEAuQ==",
      "dev": true
    },
    "@types/parsimmon": {
      "version": "1.10.6",
      "resolved": "https://registry.npmjs.org/@types/parsimmon/-/parsimmon-1.10.6.tgz",
      "integrity": "sha512-FwAQwMRbkhx0J6YELkwIpciVzCcgEqXEbIrIn3a2P5d3kGEHQ3wVhlN3YdVepYP+bZzCYO6OjmD4o9TGOZ40rA==",
      "dev": true
    },
    "parsimmon": {
      "version": "1.18.1",
      "resolved": "https://registry.npmjs.org/parsimmon/-/parsimmon-1.18.1.tgz",
      "integrity": "sha512-u7p959wLfGAhJpSDJVYXoyMCXWYwHia78HhRBWqk7AIbxdmlrfdp5wX0l3xv/iTSH5HvhN9K7o26hwwpgS5Nmw==",
      "dev": true
    },
    "typescript": {
      "version": "5.0.2",
      "resolved": "https://registry.npmjs.org/typescript/-/typescript-5.0.2.tgz",
      "integrity": "sha512-wVORMBGO/FAs/++blGNeAVdbNKtIh1rbBL2EyQ1+J9lClJ93KiiKe8PmFIVdXhHcyv44SL9oglmfeSsndo0jRw==",
      "dev": true
    }
  }
}
