{
  "name": "script-api",
  "version": "1.0.0",
  "lockfileVersion": 2,
  "requires": true,
  "packages": {
    "": {
      "name": "script-api",
      "version": "1.0.0",
      "license": "MIT",
      "dependencies": {
        "@minecraft/server": "1.1.0-beta.1.19.60-preview.24",
        "@minecraft/server-admin": "1.0.0-beta.1.19.60-preview.24",
        "@minecraft/server-gametest": "1.0.0-beta.1.19.60-preview.24",
        "@minecraft/server-net": "1.0.0-beta.1.19.60-preview.24",
        "@minecraft/server-ui": "1.0.0-beta.1.19.60-preview.24",
        "@types/mojang-minecraft": "0.1.6",
        "@types/mojang-minecraft-ui": "0.1.0"
      },
      "devDependencies": {
        "@types/node": "^18.11.16",
        "typescript": "^4.9.4"
      }
    },
    "node_modules/@minecraft/server": {
      "version": "1.1.0-beta.1.19.60-preview.24",
      "resolved": "https://registry.npmjs.org/@minecraft/server/-/server-1.1.0-beta.1.19.60-preview.24.tgz",
      "integrity": "sha512-DTrMQ19J2jFvdtHedvbDuwWeDC3hbz+4fmOqGUTzGmsOGF4BzXwE51pNuP9ZOX+ebShHomhoxHP2CwAmNuDGxg=="
    },
    "node_modules/@minecraft/server-admin": {
      "version": "1.0.0-beta.1.19.60-preview.24",
      "resolved": "https://registry.npmjs.org/@minecraft/server-admin/-/server-admin-1.0.0-beta.1.19.60-preview.24.tgz",
      "integrity": "sha512-2VVuYr7LGUvXy3+hv/hcNuCW4jbcmrN/uufe3Jaj1WLIvDMIaR5Jn29A9vCm0nZW+lmF7BMEBBSc/SwVPM5Itw=="
    },
    "node_modules/@minecraft/server-gametest": {
      "version": "1.0.0-beta.1.19.60-preview.24",
      "resolved": "https://registry.npmjs.org/@minecraft/server-gametest/-/server-gametest-1.0.0-beta.1.19.60-preview.24.tgz",
      "integrity": "sha512-yXeh42CmJ7NHZHT1+olYB6KwqPx1xhMRkSzKr/4+/DEBNivJdyfUvJANx5boTAN1kcNp3+OnAyWFo6XApPlbvg==",
      "dependencies": {
        "@minecraft/server": "1.1.0-beta.1.19.60-preview.24"
      }
    },
    "node_modules/@minecraft/server-net": {
      "version": "1.0.0-beta.1.19.60-preview.24",
      "resolved": "https://registry.npmjs.org/@minecraft/server-net/-/server-net-1.0.0-beta.1.19.60-preview.24.tgz",
      "integrity": "sha512-jQp0t9THSaTKHmkkolpPGwIjTsDcUj2orIuuuXJN2NsoiryJnnbU3/ITPPtM1QwudTp0m+mJl6LNcoPbObGAcA==",
      "dependencies": {
        "@minecraft/server-admin": "1.0.0-beta.1.19.60-preview.24"
      }
    },
    "node_modules/@minecraft/server-ui": {
      "version": "1.0.0-beta.1.19.60-preview.24",
      "resolved": "https://registry.npmjs.org/@minecraft/server-ui/-/server-ui-1.0.0-beta.1.19.60-preview.24.tgz",
      "integrity": "sha512-Qfbnt7QIJJKS4fj2m24Vn92QylJ1j+mtXG5gXXXbDo47RgHhsg6nvPsXFHykL4y0T3ONmWZEJ2qxuoIY8yrsQA==",
      "dependencies": {
        "@minecraft/server": "1.1.0-beta.1.19.60-preview.24"
      }
    },
    "node_modules/@types/mojang-minecraft": {
      "version": "0.1.6",
      "resolved": "https://registry.npmjs.org/@types/mojang-minecraft/-/mojang-minecraft-0.1.6.tgz",
      "integrity": "sha512-Zho2/JYWmowvOYGVcnV08DRASYm66oeENR4yvXTLpMXWJm/j12rbuk5ddXQoE+GIu+vsbsQzzJFHeZ3HxI1TLw=="
    },
    "node_modules/@types/mojang-minecraft-ui": {
      "version": "0.1.0",
      "resolved": "https://registry.npmjs.org/@types/mojang-minecraft-ui/-/mojang-minecraft-ui-0.1.0.tgz",
      "integrity": "sha512-JGQ3xEPEV4DZsUKM4GgLpoWbLUHyMsN9vLRhClOQItgNd79TireJPGwJ+4bnTWddreL4oqxI32ceIQThG/GoTw==",
      "dependencies": {
        "@types/mojang-minecraft": "*"
      }
    },
    "node_modules/@types/node": {
      "version": "18.11.16",
      "resolved": "https://registry.npmjs.org/@types/node/-/node-18.11.16.tgz",
      "integrity": "sha512-6T7P5bDkRhqRxrQtwj7vru+bWTpelgtcETAZEUSdq0YISKz8WKdoBukQLYQQ6DFHvU9JRsbFq0JH5C51X2ZdnA==",
      "dev": true
    },
    "node_modules/typescript": {
      "version": "4.9.4",
      "resolved": "https://registry.npmjs.org/typescript/-/typescript-4.9.4.tgz",
      "integrity": "sha512-Uz+dTXYzxXXbsFpM86Wh3dKCxrQqUcVMxwU54orwlJjOpO3ao8L7j5lH+dWfTwgCwIuM9GQ2kvVotzYJMXTBZg==",
      "dev": true,
      "bin": {
        "tsc": "bin/tsc",
        "tsserver": "bin/tsserver"
      },
      "engines": {
        "node": ">=4.2.0"
      }
    }
  },
  "dependencies": {
    "@minecraft/server": {
      "version": "1.1.0-beta.1.19.60-preview.24",
      "resolved": "https://registry.npmjs.org/@minecraft/server/-/server-1.1.0-beta.1.19.60-preview.24.tgz",
      "integrity": "sha512-DTrMQ19J2jFvdtHedvbDuwWeDC3hbz+4fmOqGUTzGmsOGF4BzXwE51pNuP9ZOX+ebShHomhoxHP2CwAmNuDGxg=="
    },
    "@minecraft/server-admin": {
      "version": "1.0.0-beta.1.19.60-preview.24",
      "resolved": "https://registry.npmjs.org/@minecraft/server-admin/-/server-admin-1.0.0-beta.1.19.60-preview.24.tgz",
      "integrity": "sha512-2VVuYr7LGUvXy3+hv/hcNuCW4jbcmrN/uufe3Jaj1WLIvDMIaR5Jn29A9vCm0nZW+lmF7BMEBBSc/SwVPM5Itw=="
    },
    "@minecraft/server-gametest": {
      "version": "1.0.0-beta.1.19.60-preview.24",
      "resolved": "https://registry.npmjs.org/@minecraft/server-gametest/-/server-gametest-1.0.0-beta.1.19.60-preview.24.tgz",
      "integrity": "sha512-yXeh42CmJ7NHZHT1+olYB6KwqPx1xhMRkSzKr/4+/DEBNivJdyfUvJANx5boTAN1kcNp3+OnAyWFo6XApPlbvg==",
      "requires": {
        "@minecraft/server": "1.1.0-beta.1.19.60-preview.24"
      }
    },
    "@minecraft/server-net": {
      "version": "1.0.0-beta.1.19.60-preview.24",
      "resolved": "https://registry.npmjs.org/@minecraft/server-net/-/server-net-1.0.0-beta.1.19.60-preview.24.tgz",
      "integrity": "sha512-jQp0t9THSaTKHmkkolpPGwIjTsDcUj2orIuuuXJN2NsoiryJnnbU3/ITPPtM1QwudTp0m+mJl6LNcoPbObGAcA==",
      "requires": {
        "@minecraft/server-admin": "1.0.0-beta.1.19.60-preview.24"
      }
    },
    "@minecraft/server-ui": {
      "version": "1.0.0-beta.1.19.60-preview.24",
      "resolved": "https://registry.npmjs.org/@minecraft/server-ui/-/server-ui-1.0.0-beta.1.19.60-preview.24.tgz",
      "integrity": "sha512-Qfbnt7QIJJKS4fj2m24Vn92QylJ1j+mtXG5gXXXbDo47RgHhsg6nvPsXFHykL4y0T3ONmWZEJ2qxuoIY8yrsQA==",
      "requires": {
        "@minecraft/server": "1.1.0-beta.1.19.60-preview.24"
      }
    },
    "@types/mojang-minecraft": {
      "version": "0.1.6",
      "resolved": "https://registry.npmjs.org/@types/mojang-minecraft/-/mojang-minecraft-0.1.6.tgz",
      "integrity": "sha512-Zho2/JYWmowvOYGVcnV08DRASYm66oeENR4yvXTLpMXWJm/j12rbuk5ddXQoE+GIu+vsbsQzzJFHeZ3HxI1TLw=="
    },
    "@types/mojang-minecraft-ui": {
      "version": "0.1.0",
      "resolved": "https://registry.npmjs.org/@types/mojang-minecraft-ui/-/mojang-minecraft-ui-0.1.0.tgz",
      "integrity": "sha512-JGQ3xEPEV4DZsUKM4GgLpoWbLUHyMsN9vLRhClOQItgNd79TireJPGwJ+4bnTWddreL4oqxI32ceIQThG/GoTw==",
      "requires": {
        "@types/mojang-minecraft": "*"
      }
    },
    "@types/node": {
      "version": "18.11.16",
      "resolved": "https://registry.npmjs.org/@types/node/-/node-18.11.16.tgz",
      "integrity": "sha512-6T7P5bDkRhqRxrQtwj7vru+bWTpelgtcETAZEUSdq0YISKz8WKdoBukQLYQQ6DFHvU9JRsbFq0JH5C51X2ZdnA==",
      "dev": true
    },
    "typescript": {
      "version": "4.9.4",
      "resolved": "https://registry.npmjs.org/typescript/-/typescript-4.9.4.tgz",
      "integrity": "sha512-Uz+dTXYzxXXbsFpM86Wh3dKCxrQqUcVMxwU54orwlJjOpO3ao8L7j5lH+dWfTwgCwIuM9GQ2kvVotzYJMXTBZg==",
      "dev": true
    }
  }
}
