{
  "name": "script-api",
  "version": "1.0.0",
  "lockfileVersion": 2,
  "requires": true,
  "packages": {
    "": {
      "name": "script-api",
      "version": "1.0.0",
      "license": "MIT",
      "dependencies": {
        "@minecraft/server": "1.3.0-beta.1.20.0-preview.23",
        "@minecraft/server-admin": "1.0.0-beta.1.20.0-preview.23",
        "@minecraft/server-gametest": "1.0.0-beta.1.20.0-preview.23",
        "@minecraft/server-net": "1.0.0-beta.1.20.0-preview.23",
        "@minecraft/server-ui": "1.1.0-beta.1.20.0-preview.23",
        "@minecraft/vanilla-data": "1.20.0-preview.23"
      },
      "devDependencies": {
        "@npm/types": "^1.0.2",
        "@types/node": "^20.0.0",
        "@types/parsimmon": "^1.10.6",
        "axios": "^1.4.0",
        "parsimmon": "^1.18.1",
        "typescript": "^5.0.4"
      }
    },
    "node_modules/@minecraft/server": {
      "version": "1.3.0-beta.1.20.0-preview.23",
      "resolved": "https://registry.npmjs.org/@minecraft/server/-/server-1.3.0-beta.1.20.0-preview.23.tgz",
      "integrity": "sha512-lCj2ibVSnRdyRVvOFGx6/9zFEFlW8nEvNhIGYNTU5GygF8dMCvFP4F30tzVJalF0sfcULFN4vq6YsYbV6hY/cg=="
    },
    "node_modules/@minecraft/server-admin": {
      "version": "1.0.0-beta.1.20.0-preview.23",
      "resolved": "https://registry.npmjs.org/@minecraft/server-admin/-/server-admin-1.0.0-beta.1.20.0-preview.23.tgz",
      "integrity": "sha512-9SqZHmhL5HwMJu+x1C1+T/4UaN2uKFR36mjxATIFZaRZYP9ks9OqYBtc3ARKpY6Jw7AYLXCTE/AjM00pIJ1kTQ=="
    },
    "node_modules/@minecraft/server-gametest": {
      "version": "1.0.0-beta.1.20.0-preview.23",
      "resolved": "https://registry.npmjs.org/@minecraft/server-gametest/-/server-gametest-1.0.0-beta.1.20.0-preview.23.tgz",
      "integrity": "sha512-8CtnXh+or6THe/bUH71j9B9vS2dw/6xDG6yrGP4omZTn8cJRqxV2J1maeJZhBQFZry8sQHjn8V4NE1CxVD/zlg==",
      "dependencies": {
        "@minecraft/server": "1.3.0-beta.1.20.0-preview.23"
      }
    },
    "node_modules/@minecraft/server-net": {
      "version": "1.0.0-beta.1.20.0-preview.23",
      "resolved": "https://registry.npmjs.org/@minecraft/server-net/-/server-net-1.0.0-beta.1.20.0-preview.23.tgz",
      "integrity": "sha512-SxQugmLvV8CWcctVU2tOzHl95IoPIsBXtUdSfmDMqAJysGK6KhKyMEfE6DZrlwzc4DGsB83AXL9bs6830oKttg==",
      "dependencies": {
        "@minecraft/server-admin": "1.0.0-beta.1.20.0-preview.23"
      }
    },
    "node_modules/@minecraft/server-ui": {
      "version": "1.1.0-beta.1.20.0-preview.23",
      "resolved": "https://registry.npmjs.org/@minecraft/server-ui/-/server-ui-1.1.0-beta.1.20.0-preview.23.tgz",
      "integrity": "sha512-h0nA8DEsd3yTGfqCwGnUMr3G24f0L+ZhZpIfCwzJMfl/2J9/m7aRt/a2+7oCEt6xfsWcHw2G1+PE5rkhF8L9FQ==",
      "dependencies": {
        "@minecraft/server": "1.3.0-beta.1.20.0-preview.23"
      }
    },
    "node_modules/@minecraft/vanilla-data": {
      "version": "1.20.0-preview.23",
      "resolved": "https://registry.npmjs.org/@minecraft/vanilla-data/-/vanilla-data-1.20.0-preview.23.tgz",
      "integrity": "sha512-e49hc/kYrNIe0QB+yPDLLlRvZIeC+aAfriqVBRIJA4qCYMMGtAgd2a95XvULmOoJfUJRY1F8YvSSd4BUwdhrwA=="
    },
    "node_modules/@npm/types": {
      "version": "1.0.2",
      "resolved": "https://registry.npmjs.org/@npm/types/-/types-1.0.2.tgz",
      "integrity": "sha512-KXZccTDEnWqNrrx6JjpJKU/wJvNeg9BDgjS0XhmlZab7br921HtyVbsYzJr4L+xIvjdJ20Wh9dgxgCI2a5CEQw==",
      "dev": true
    },
    "node_modules/@types/node": {
      "version": "20.0.0",
      "resolved": "https://registry.npmjs.org/@types/node/-/node-20.0.0.tgz",
      "integrity": "sha512-cD2uPTDnQQCVpmRefonO98/PPijuOnnEy5oytWJFPY1N9aJCz2wJ5kSGWO+zJoed2cY2JxQh6yBuUq4vIn61hw==",
      "dev": true
    },
    "node_modules/@types/parsimmon": {
      "version": "1.10.6",
      "resolved": "https://registry.npmjs.org/@types/parsimmon/-/parsimmon-1.10.6.tgz",
      "integrity": "sha512-FwAQwMRbkhx0J6YELkwIpciVzCcgEqXEbIrIn3a2P5d3kGEHQ3wVhlN3YdVepYP+bZzCYO6OjmD4o9TGOZ40rA==",
      "dev": true
    },
    "node_modules/asynckit": {
      "version": "0.4.0",
      "resolved": "https://registry.npmjs.org/asynckit/-/asynckit-0.4.0.tgz",
      "integrity": "sha512-Oei9OH4tRh0YqU3GxhX79dM/mwVgvbZJaSNaRk+bshkj0S5cfHcgYakreBjrHwatXKbz+IoIdYLxrKim2MjW0Q==",
      "dev": true
    },
    "node_modules/axios": {
      "version": "1.4.0",
      "resolved": "https://registry.npmjs.org/axios/-/axios-1.4.0.tgz",
      "integrity": "sha512-S4XCWMEmzvo64T9GfvQDOXgYRDJ/wsSZc7Jvdgx5u1sd0JwsuPLqb3SYmusag+edF6ziyMensPVqLTSc1PiSEA==",
      "dev": true,
      "dependencies": {
        "follow-redirects": "^1.15.0",
        "form-data": "^4.0.0",
        "proxy-from-env": "^1.1.0"
      }
    },
    "node_modules/combined-stream": {
      "version": "1.0.8",
      "resolved": "https://registry.npmjs.org/combined-stream/-/combined-stream-1.0.8.tgz",
      "integrity": "sha512-FQN4MRfuJeHf7cBbBMJFXhKSDq+2kAArBlmRBvcvFE5BB1HZKXtSFASDhdlz9zOYwxh8lDdnvmMOe/+5cdoEdg==",
      "dev": true,
      "dependencies": {
        "delayed-stream": "~1.0.0"
      },
      "engines": {
        "node": ">= 0.8"
      }
    },
    "node_modules/delayed-stream": {
      "version": "1.0.0",
      "resolved": "https://registry.npmjs.org/delayed-stream/-/delayed-stream-1.0.0.tgz",
      "integrity": "sha512-ZySD7Nf91aLB0RxL4KGrKHBXl7Eds1DAmEdcoVawXnLD7SDhpNgtuII2aAkg7a7QS41jxPSZ17p4VdGnMHk3MQ==",
      "dev": true,
      "engines": {
        "node": ">=0.4.0"
      }
    },
    "node_modules/follow-redirects": {
      "version": "1.15.2",
      "resolved": "https://registry.npmjs.org/follow-redirects/-/follow-redirects-1.15.2.tgz",
      "integrity": "sha512-VQLG33o04KaQ8uYi2tVNbdrWp1QWxNNea+nmIB4EVM28v0hmP17z7aG1+wAkNzVq4KeXTq3221ye5qTJP91JwA==",
      "dev": true,
      "funding": [
        {
          "type": "individual",
          "url": "https://github.com/sponsors/RubenVerborgh"
        }
      ],
      "engines": {
        "node": ">=4.0"
      },
      "peerDependenciesMeta": {
        "debug": {
          "optional": true
        }
      }
    },
    "node_modules/form-data": {
      "version": "4.0.0",
      "resolved": "https://registry.npmjs.org/form-data/-/form-data-4.0.0.tgz",
      "integrity": "sha512-ETEklSGi5t0QMZuiXoA/Q6vcnxcLQP5vdugSpuAyi6SVGi2clPPp+xgEhuMaHC+zGgn31Kd235W35f7Hykkaww==",
      "dev": true,
      "dependencies": {
        "asynckit": "^0.4.0",
        "combined-stream": "^1.0.8",
        "mime-types": "^2.1.12"
      },
      "engines": {
        "node": ">= 6"
      }
    },
    "node_modules/mime-db": {
      "version": "1.52.0",
      "resolved": "https://registry.npmjs.org/mime-db/-/mime-db-1.52.0.tgz",
      "integrity": "sha512-sPU4uV7dYlvtWJxwwxHD0PuihVNiE7TyAbQ5SWxDCB9mUYvOgroQOwYQQOKPJ8CIbE+1ETVlOoK1UC2nU3gYvg==",
      "dev": true,
      "engines": {
        "node": ">= 0.6"
      }
    },
    "node_modules/mime-types": {
      "version": "2.1.35",
      "resolved": "https://registry.npmjs.org/mime-types/-/mime-types-2.1.35.tgz",
      "integrity": "sha512-ZDY+bPm5zTTF+YpCrAU9nK0UgICYPT0QtT1NZWFv4s++TNkcgVaT0g6+4R2uI4MjQjzysHB1zxuWL50hzaeXiw==",
      "dev": true,
      "dependencies": {
        "mime-db": "1.52.0"
      },
      "engines": {
        "node": ">= 0.6"
      }
    },
    "node_modules/parsimmon": {
      "version": "1.18.1",
      "resolved": "https://registry.npmjs.org/parsimmon/-/parsimmon-1.18.1.tgz",
      "integrity": "sha512-u7p959wLfGAhJpSDJVYXoyMCXWYwHia78HhRBWqk7AIbxdmlrfdp5wX0l3xv/iTSH5HvhN9K7o26hwwpgS5Nmw==",
      "dev": true
    },
    "node_modules/proxy-from-env": {
      "version": "1.1.0",
      "resolved": "https://registry.npmjs.org/proxy-from-env/-/proxy-from-env-1.1.0.tgz",
      "integrity": "sha512-D+zkORCbA9f1tdWRK0RaCR3GPv50cMxcrz4X8k5LTSUD1Dkw47mKJEZQNunItRTkWwgtaUSo1RVFRIG9ZXiFYg==",
      "dev": true
    },
    "node_modules/typescript": {
      "version": "5.0.4",
      "resolved": "https://registry.npmjs.org/typescript/-/typescript-5.0.4.tgz",
      "integrity": "sha512-cW9T5W9xY37cc+jfEnaUvX91foxtHkza3Nw3wkoF4sSlKn0MONdkdEndig/qPBWXNkmplh3NzayQzCiHM4/hqw==",
      "dev": true,
      "bin": {
        "tsc": "bin/tsc",
        "tsserver": "bin/tsserver"
      },
      "engines": {
        "node": ">=12.20"
      }
    }
  },
  "dependencies": {
    "@minecraft/server": {
      "version": "1.3.0-beta.1.20.0-preview.23",
      "resolved": "https://registry.npmjs.org/@minecraft/server/-/server-1.3.0-beta.1.20.0-preview.23.tgz",
      "integrity": "sha512-lCj2ibVSnRdyRVvOFGx6/9zFEFlW8nEvNhIGYNTU5GygF8dMCvFP4F30tzVJalF0sfcULFN4vq6YsYbV6hY/cg=="
    },
    "@minecraft/server-admin": {
      "version": "1.0.0-beta.1.20.0-preview.23",
      "resolved": "https://registry.npmjs.org/@minecraft/server-admin/-/server-admin-1.0.0-beta.1.20.0-preview.23.tgz",
      "integrity": "sha512-9SqZHmhL5HwMJu+x1C1+T/4UaN2uKFR36mjxATIFZaRZYP9ks9OqYBtc3ARKpY6Jw7AYLXCTE/AjM00pIJ1kTQ=="
    },
    "@minecraft/server-gametest": {
      "version": "1.0.0-beta.1.20.0-preview.23",
      "resolved": "https://registry.npmjs.org/@minecraft/server-gametest/-/server-gametest-1.0.0-beta.1.20.0-preview.23.tgz",
      "integrity": "sha512-8CtnXh+or6THe/bUH71j9B9vS2dw/6xDG6yrGP4omZTn8cJRqxV2J1maeJZhBQFZry8sQHjn8V4NE1CxVD/zlg==",
      "requires": {
        "@minecraft/server": "1.3.0-beta.1.20.0-preview.23"
      }
    },
    "@minecraft/server-net": {
      "version": "1.0.0-beta.1.20.0-preview.23",
      "resolved": "https://registry.npmjs.org/@minecraft/server-net/-/server-net-1.0.0-beta.1.20.0-preview.23.tgz",
      "integrity": "sha512-SxQugmLvV8CWcctVU2tOzHl95IoPIsBXtUdSfmDMqAJysGK6KhKyMEfE6DZrlwzc4DGsB83AXL9bs6830oKttg==",
      "requires": {
        "@minecraft/server-admin": "1.0.0-beta.1.20.0-preview.23"
      }
    },
    "@minecraft/server-ui": {
      "version": "1.1.0-beta.1.20.0-preview.23",
      "resolved": "https://registry.npmjs.org/@minecraft/server-ui/-/server-ui-1.1.0-beta.1.20.0-preview.23.tgz",
      "integrity": "sha512-h0nA8DEsd3yTGfqCwGnUMr3G24f0L+ZhZpIfCwzJMfl/2J9/m7aRt/a2+7oCEt6xfsWcHw2G1+PE5rkhF8L9FQ==",
      "requires": {
        "@minecraft/server": "1.3.0-beta.1.20.0-preview.23"
      }
    },
    "@minecraft/vanilla-data": {
      "version": "1.20.0-preview.23",
      "resolved": "https://registry.npmjs.org/@minecraft/vanilla-data/-/vanilla-data-1.20.0-preview.23.tgz",
      "integrity": "sha512-e49hc/kYrNIe0QB+yPDLLlRvZIeC+aAfriqVBRIJA4qCYMMGtAgd2a95XvULmOoJfUJRY1F8YvSSd4BUwdhrwA=="
    },
    "@npm/types": {
      "version": "1.0.2",
      "resolved": "https://registry.npmjs.org/@npm/types/-/types-1.0.2.tgz",
      "integrity": "sha512-KXZccTDEnWqNrrx6JjpJKU/wJvNeg9BDgjS0XhmlZab7br921HtyVbsYzJr4L+xIvjdJ20Wh9dgxgCI2a5CEQw==",
      "dev": true
    },
    "@types/node": {
      "version": "20.0.0",
      "resolved": "https://registry.npmjs.org/@types/node/-/node-20.0.0.tgz",
      "integrity": "sha512-cD2uPTDnQQCVpmRefonO98/PPijuOnnEy5oytWJFPY1N9aJCz2wJ5kSGWO+zJoed2cY2JxQh6yBuUq4vIn61hw==",
      "dev": true
    },
    "@types/parsimmon": {
      "version": "1.10.6",
      "resolved": "https://registry.npmjs.org/@types/parsimmon/-/parsimmon-1.10.6.tgz",
      "integrity": "sha512-FwAQwMRbkhx0J6YELkwIpciVzCcgEqXEbIrIn3a2P5d3kGEHQ3wVhlN3YdVepYP+bZzCYO6OjmD4o9TGOZ40rA==",
      "dev": true
    },
    "asynckit": {
      "version": "0.4.0",
      "resolved": "https://registry.npmjs.org/asynckit/-/asynckit-0.4.0.tgz",
      "integrity": "sha512-Oei9OH4tRh0YqU3GxhX79dM/mwVgvbZJaSNaRk+bshkj0S5cfHcgYakreBjrHwatXKbz+IoIdYLxrKim2MjW0Q==",
      "dev": true
    },
    "axios": {
      "version": "1.4.0",
      "resolved": "https://registry.npmjs.org/axios/-/axios-1.4.0.tgz",
      "integrity": "sha512-S4XCWMEmzvo64T9GfvQDOXgYRDJ/wsSZc7Jvdgx5u1sd0JwsuPLqb3SYmusag+edF6ziyMensPVqLTSc1PiSEA==",
      "dev": true,
      "requires": {
        "follow-redirects": "^1.15.0",
        "form-data": "^4.0.0",
        "proxy-from-env": "^1.1.0"
      }
    },
    "combined-stream": {
      "version": "1.0.8",
      "resolved": "https://registry.npmjs.org/combined-stream/-/combined-stream-1.0.8.tgz",
      "integrity": "sha512-FQN4MRfuJeHf7cBbBMJFXhKSDq+2kAArBlmRBvcvFE5BB1HZKXtSFASDhdlz9zOYwxh8lDdnvmMOe/+5cdoEdg==",
      "dev": true,
      "requires": {
        "delayed-stream": "~1.0.0"
      }
    },
    "delayed-stream": {
      "version": "1.0.0",
      "resolved": "https://registry.npmjs.org/delayed-stream/-/delayed-stream-1.0.0.tgz",
      "integrity": "sha512-ZySD7Nf91aLB0RxL4KGrKHBXl7Eds1DAmEdcoVawXnLD7SDhpNgtuII2aAkg7a7QS41jxPSZ17p4VdGnMHk3MQ==",
      "dev": true
    },
    "follow-redirects": {
      "version": "1.15.2",
      "resolved": "https://registry.npmjs.org/follow-redirects/-/follow-redirects-1.15.2.tgz",
      "integrity": "sha512-VQLG33o04KaQ8uYi2tVNbdrWp1QWxNNea+nmIB4EVM28v0hmP17z7aG1+wAkNzVq4KeXTq3221ye5qTJP91JwA==",
      "dev": true
    },
    "form-data": {
      "version": "4.0.0",
      "resolved": "https://registry.npmjs.org/form-data/-/form-data-4.0.0.tgz",
      "integrity": "sha512-ETEklSGi5t0QMZuiXoA/Q6vcnxcLQP5vdugSpuAyi6SVGi2clPPp+xgEhuMaHC+zGgn31Kd235W35f7Hykkaww==",
      "dev": true,
      "requires": {
        "asynckit": "^0.4.0",
        "combined-stream": "^1.0.8",
        "mime-types": "^2.1.12"
      }
    },
    "mime-db": {
      "version": "1.52.0",
      "resolved": "https://registry.npmjs.org/mime-db/-/mime-db-1.52.0.tgz",
      "integrity": "sha512-sPU4uV7dYlvtWJxwwxHD0PuihVNiE7TyAbQ5SWxDCB9mUYvOgroQOwYQQOKPJ8CIbE+1ETVlOoK1UC2nU3gYvg==",
      "dev": true
    },
    "mime-types": {
      "version": "2.1.35",
      "resolved": "https://registry.npmjs.org/mime-types/-/mime-types-2.1.35.tgz",
      "integrity": "sha512-ZDY+bPm5zTTF+YpCrAU9nK0UgICYPT0QtT1NZWFv4s++TNkcgVaT0g6+4R2uI4MjQjzysHB1zxuWL50hzaeXiw==",
      "dev": true,
      "requires": {
        "mime-db": "1.52.0"
      }
    },
    "parsimmon": {
      "version": "1.18.1",
      "resolved": "https://registry.npmjs.org/parsimmon/-/parsimmon-1.18.1.tgz",
      "integrity": "sha512-u7p959wLfGAhJpSDJVYXoyMCXWYwHia78HhRBWqk7AIbxdmlrfdp5wX0l3xv/iTSH5HvhN9K7o26hwwpgS5Nmw==",
      "dev": true
    },
    "proxy-from-env": {
      "version": "1.1.0",
      "resolved": "https://registry.npmjs.org/proxy-from-env/-/proxy-from-env-1.1.0.tgz",
      "integrity": "sha512-D+zkORCbA9f1tdWRK0RaCR3GPv50cMxcrz4X8k5LTSUD1Dkw47mKJEZQNunItRTkWwgtaUSo1RVFRIG9ZXiFYg==",
      "dev": true
    },
    "typescript": {
      "version": "5.0.4",
      "resolved": "https://registry.npmjs.org/typescript/-/typescript-5.0.4.tgz",
      "integrity": "sha512-cW9T5W9xY37cc+jfEnaUvX91foxtHkza3Nw3wkoF4sSlKn0MONdkdEndig/qPBWXNkmplh3NzayQzCiHM4/hqw==",
      "dev": true
    }
  }
}
