{
  "name": "@jayly/minecraft-editor",
  "version": "0.3.7-0",
  "lockfileVersion": 2,
  "requires": true,
  "packages": {
    "": {
      "name": "@jayly/minecraft-editor",
      "version": "0.3.7-0",
      "license": "MIT",
      "dependencies": {
        "@minecraft/server": "1.4.0-beta.1.20.10-preview.23"
      }
    },
    "node_modules/@minecraft/server": {
      "version": "1.4.0-beta.1.20.10-preview.23",
      "resolved": "https://registry.npmjs.org/@minecraft/server/-/server-1.4.0-beta.1.20.10-preview.23.tgz",
      "integrity": "sha512-FWVpE1L4t9JJnV17xzd1epA7eYBJHjaSaYVwAuSwcdU2Bo/EKjRP0V4lDpzvM1LvFvtZDccfJg2Z3ononrfmEQ=="
    }
  },
  "dependencies": {
    "@minecraft/server": {
      "version": "1.4.0-beta.1.20.10-preview.23",
      "resolved": "https://registry.npmjs.org/@minecraft/server/-/server-1.4.0-beta.1.20.10-preview.23.tgz",
      "integrity": "sha512-FWVpE1L4t9JJnV17xzd1epA7eYBJHjaSaYVwAuSwcdU2Bo/EKjRP0V4lDpzvM1LvFvtZDccfJg2Z3ononrfmEQ=="
    }
  }
}
