{
  "name": "@jayly/minecraft-editor",
  "version": "0.3.6-4",
  "lockfileVersion": 2,
  "requires": true,
  "packages": {
    "": {
      "name": "@jayly/minecraft-editor",
      "version": "0.3.6-4",
      "license": "MIT",
      "dependencies": {
        "@minecraft/server": "1.4.0-beta.1.20.10-preview.21"
      }
    },
    "node_modules/@minecraft/server": {
      "version": "1.4.0-beta.1.20.10-preview.21",
      "resolved": "https://registry.npmjs.org/@minecraft/server/-/server-1.4.0-beta.1.20.10-preview.21.tgz",
      "integrity": "sha512-ujhsa/ercjy5ifdU3zBZXIyBUP+r9+DlWaWp6+tM71zXkPivISS/E5HbL/n0fMDZ32Aad1AaWDX6WOdCzlhn/Q=="
    }
  },
  "dependencies": {
    "@minecraft/server": {
      "version": "1.4.0-beta.1.20.10-preview.21",
      "resolved": "https://registry.npmjs.org/@minecraft/server/-/server-1.4.0-beta.1.20.10-preview.21.tgz",
      "integrity": "sha512-ujhsa/ercjy5ifdU3zBZXIyBUP+r9+DlWaWp6+tM71zXkPivISS/E5HbL/n0fMDZ32Aad1AaWDX6WOdCzlhn/Q=="
    }
  }
}
